// !$*UTF8*$!
{
	archiveVersion = 1;
	classes = {
	};
	objectVersion = 50;
	objects = {

/* Begin PBXBuildFile section */
		C481AB3C215920710016EF38 /* MealTableViewController.swift in Sources */ = {isa = PBXBuildFile; fileRef = C481AB3B215920710016EF38 /* MealTableViewController.swift */; };
		C4C615D72111EBBF0059B10B /* AppDelegate.swift in Sources */ = {isa = PBXBuildFile; fileRef = C4C615D62111EBBF0059B10B /* AppDelegate.swift */; };
		C4C615D92111EBBF0059B10B /* MealViewController.swift in Sources */ = {isa = PBXBuildFile; fileRef = C4C615D82111EBBF0059B10B /* MealViewController.swift */; };
		C4C615DC2111EBBF0059B10B /* Main.storyboard in Resources */ = {isa = PBXBuildFile; fileRef = C4C615DA2111EBBF0059B10B /* Main.storyboard */; };
		C4C615DE2111EBC00059B10B /* Assets.xcassets in Resources */ = {isa = PBXBuildFile; fileRef = C4C615DD2111EBC00059B10B /* Assets.xcassets */; };
		C4C615E12111EBC00059B10B /* LaunchScreen.storyboard in Resources */ = {isa = PBXBuildFile; fileRef = C4C615DF2111EBC00059B10B /* LaunchScreen.storyboard */; };
		C4C615EC2111EBC00059B10B /* FoodTrackerTests.swift in Sources */ = {isa = PBXBuildFile; fileRef = C4C615EB2111EBC00059B10B /* FoodTrackerTests.swift */; };
		C4C615F72113105E0059B10B /* RatingControl.swift in Sources */ = {isa = PBXBuildFile; fileRef = C4C615F62113105E0059B10B /* RatingControl.swift */; };
		C4C615F9211327BB0059B10B /* Meal.swift in Sources */ = {isa = PBXBuildFile; fileRef = C4C615F8211327BB0059B10B /* Meal.swift */; };
		C4C615FB21133A5A0059B10B /* MealTableViewCell.swift in Sources */ = {isa = PBXBuildFile; fileRef = C4C615FA21133A5A0059B10B /* MealTableViewCell.swift */; };
/* End PBXBuildFile section */

/* Begin PBXContainerItemProxy section */
		C4C615E82111EBC00059B10B /* PBXContainerItemProxy */ = {
			isa = PBXContainerItemProxy;
			containerPortal = C4C615CB2111EBBE0059B10B /* Project object */;
			proxyType = 1;
			remoteGlobalIDString = C4C615D22111EBBF0059B10B;
			remoteInfo = FoodTracker;
		};
/* End PBXContainerItemProxy section */

/* Begin PBXFileReference section */
		C481AB3B215920710016EF38 /* MealTableViewController.swift */ = {isa = PBXFileReference; lastKnownFileType = sourcecode.swift; path = MealTableViewController.swift; sourceTree = "<group>"; };
		C4C615D32111EBBF0059B10B /* FoodTracker.app */ = {isa = PBXFileReference; explicitFileType = wrapper.application; includeInIndex = 0; path = FoodTracker.app; sourceTree = BUILT_PRODUCTS_DIR; };
		C4C615D62111EBBF0059B10B /* AppDelegate.swift */ = {isa = PBXFileReference; lastKnownFileType = sourcecode.swift; path = AppDelegate.swift; sourceTree = "<group>"; };
		C4C615D82111EBBF0059B10B /* MealViewController.swift */ = {isa = PBXFileReference; lastKnownFileType = sourcecode.swift; path = MealViewController.swift; sourceTree = "<group>"; };
		C4C615DB2111EBBF0059B10B /* Base */ = {isa = PBXFileReference; lastKnownFileType = file.storyboard; name = Base; path = Base.lproj/Main.storyboard; sourceTree = "<group>"; };
		C4C615DD2111EBC00059B10B /* Assets.xcassets */ = {isa = PBXFileReference; lastKnownFileType = folder.assetcatalog; path = Assets.xcassets; sourceTree = "<group>"; };
		C4C615E02111EBC00059B10B /* Base */ = {isa = PBXFileReference; lastKnownFileType = file.storyboard; name = Base; path = Base.lproj/LaunchScreen.storyboard; sourceTree = "<group>"; };
		C4C615E22111EBC00059B10B /* Info.plist */ = {isa = PBXFileReference; lastKnownFileType = text.plist.xml; path = Info.plist; sourceTree = "<group>"; };
		C4C615E72111EBC00059B10B /* FoodTrackerTests.xctest */ = {isa = PBXFileReference; explicitFileType = wrapper.cfbundle; includeInIndex = 0; path = FoodTrackerTests.xctest; sourceTree = BUILT_PRODUCTS_DIR; };
		C4C615EB2111EBC00059B10B /* FoodTrackerTests.swift */ = {isa = PBXFileReference; lastKnownFileType = sourcecode.swift; path = FoodTrackerTests.swift; sourceTree = "<group>"; };
		C4C615ED2111EBC00059B10B /* Info.plist */ = {isa = PBXFileReference; lastKnownFileType = text.plist.xml; path = Info.plist; sourceTree = "<group>"; };
		C4C615F62113105E0059B10B /* RatingControl.swift */ = {isa = PBXFileReference; lastKnownFileType = sourcecode.swift; path = RatingControl.swift; sourceTree = "<group>"; };
		C4C615F8211327BB0059B10B /* Meal.swift */ = {isa = PBXFileReference; lastKnownFileType = sourcecode.swift; path = Meal.swift; sourceTree = "<group>"; };
		C4C615FA21133A5A0059B10B /* MealTableViewCell.swift */ = {isa = PBXFileReference; lastKnownFileType = sourcecode.swift; path = MealTableViewCell.swift; sourceTree = "<group>"; };
/* End PBXFileReference section */

/* Begin PBXFrameworksBuildPhase section */
		C4C615D02111EBBF0059B10B /* Frameworks */ = {
			isa = PBXFrameworksBuildPhase;
			buildActionMask = 2147483647;
			files = (
			);
			runOnlyForDeploymentPostprocessing = 0;
		};
		C4C615E42111EBC00059B10B /* Frameworks */ = {
			isa = PBXFrameworksBuildPhase;
			buildActionMask = 2147483647;
			files = (
			);
			runOnlyForDeploymentPostprocessing = 0;
		};
/* End PBXFrameworksBuildPhase section */

/* Begin PBXGroup section */
		C4C615CA2111EBBE0059B10B = {
			isa = PBXGroup;
			children = (
				C4C615D52111EBBF0059B10B /* FoodTracker */,
				C4C615EA2111EBC00059B10B /* FoodTrackerTests */,
				C4C615D42111EBBF0059B10B /* Products */,
			);
			sourceTree = "<group>";
		};
		C4C615D42111EBBF0059B10B /* Products */ = {
			isa = PBXGroup;
			children = (
				C4C615D32111EBBF0059B10B /* FoodTracker.app */,
				C4C615E72111EBC00059B10B /* FoodTrackerTests.xctest */,
			);
			name = Products;
			sourceTree = "<group>";
		};
		C4C615D52111EBBF0059B10B /* FoodTracker */ = {
			isa = PBXGroup;
			children = (
				C4C615D62111EBBF0059B10B /* AppDelegate.swift */,
				C481AB3B215920710016EF38 /* MealTableViewController.swift */,
				C4C615FA21133A5A0059B10B /* MealTableViewCell.swift */,
				C4C615D82111EBBF0059B10B /* MealViewController.swift */,
				C4C615F62113105E0059B10B /* RatingControl.swift */,
				C4C615F8211327BB0059B10B /* Meal.swift */,
				C4C615DA2111EBBF0059B10B /* Main.storyboard */,
				C4C615DF2111EBC00059B10B /* LaunchScreen.storyboard */,
				C4C615DD2111EBC00059B10B /* Assets.xcassets */,
				C4C615E22111EBC00059B10B /* Info.plist */,
			);
			path = FoodTracker;
			sourceTree = "<group>";
		};
		C4C615EA2111EBC00059B10B /* FoodTrackerTests */ = {
			isa = PBXGroup;
			children = (
				C4C615EB2111EBC00059B10B /* FoodTrackerTests.swift */,
				C4C615ED2111EBC00059B10B /* Info.plist */,
			);
			path = FoodTrackerTests;
			sourceTree = "<group>";
		};
/* End PBXGroup section */

/* Begin PBXNativeTarget section */
		C4C615D22111EBBF0059B10B /* FoodTracker */ = {
			isa = PBXNativeTarget;
			buildConfigurationList = C4C615F02111EBC00059B10B /* Build configuration list for PBXNativeTarget "FoodTracker" */;
			buildPhases = (
				C4C615CF2111EBBF0059B10B /* Sources */,
				C4C615D02111EBBF0059B10B /* Frameworks */,
				C4C615D12111EBBF0059B10B /* Resources */,
			);
			buildRules = (
			);
			dependencies = (
			);
			name = FoodTracker;
			productName = FoodTracker;
			productReference = C4C615D32111EBBF0059B10B /* FoodTracker.app */;
			productType = "com.apple.product-type.application";
		};
		C4C615E62111EBC00059B10B /* FoodTrackerTests */ = {
			isa = PBXNativeTarget;
			buildConfigurationList = C4C615F32111EBC00059B10B /* Build configuration list for PBXNativeTarget "FoodTrackerTests" */;
			buildPhases = (
				C4C615E32111EBC00059B10B /* Sources */,
				C4C615E42111EBC00059B10B /* Frameworks */,
				C4C615E52111EBC00059B10B /* Resources */,
			);
			buildRules = (
			);
			dependencies = (
				C4C615E92111EBC00059B10B /* PBXTargetDependency */,
			);
			name = FoodTrackerTests;
			productName = FoodTrackerTests;
			productReference = C4C615E72111EBC00059B10B /* FoodTrackerTests.xctest */;
			productType = "com.apple.product-type.bundle.unit-test";
		};
/* End PBXNativeTarget section */

/* Begin PBXProject section */
		C4C615CB2111EBBE0059B10B /* Project object */ = {
			isa = PBXProject;
			attributes = {
				LastSwiftUpdateCheck = 0940;
				LastUpgradeCheck = 0940;
				TargetAttributes = {
					C4C615D22111EBBF0059B10B = {
						CreatedOnToolsVersion = 9.4.1;
					};
					C4C615E62111EBC00059B10B = {
						CreatedOnToolsVersion = 9.4.1;
						TestTargetID = C4C615D22111EBBF0059B10B;
					};
				};
			};
			buildConfigurationList = C4C615CE2111EBBE0059B10B /* Build configuration list for PBXProject "FoodTracker" */;
			compatibilityVersion = "Xcode 9.3";
			developmentRegion = en;
			hasScannedForEncodings = 0;
			knownRegions = (
				en,
				Base,
			);
			mainGroup = C4C615CA2111EBBE0059B10B;
			productRefGroup = C4C615D42111EBBF0059B10B /* Products */;
			projectDirPath = "";
			projectRoot = "";
			targets = (
				C4C615D22111EBBF0059B10B /* FoodTracker */,
				C4C615E62111EBC00059B10B /* FoodTrackerTests */,
			);
		};
/* End PBXProject section */

/* Begin PBXResourcesBuildPhase section */
		C4C615D12111EBBF0059B10B /* Resources */ = {
			isa = PBXResourcesBuildPhase;
			buildActionMask = 2147483647;
			files = (
				C4C615E12111EBC00059B10B /* LaunchScreen.storyboard in Resources */,
				C4C615DE2111EBC00059B10B /* Assets.xcassets in Resources */,
				C4C615DC2111EBBF0059B10B /* Main.storyboard in Resources */,
			);
			runOnlyForDeploymentPostprocessing = 0;
		};
		C4C615E52111EBC00059B10B /* Resources */ = {
			isa = PBXResourcesBuildPhase;
			buildActionMask = 2147483647;
			files = (
			);
			runOnlyForDeploymentPostprocessing = 0;
		};
/* End PBXResourcesBuildPhase section */

/* Begin PBXSourcesBuildPhase section */
		C4C615CF2111EBBF0059B10B /* Sources */ = {
			isa = PBXSourcesBuildPhase;
			buildActionMask = 2147483647;
			files = (
				C4C615F9211327BB0059B10B /* Meal.swift in Sources */,
				C4C615D92111EBBF0059B10B /* MealViewController.swift in Sources */,
				C4C615F72113105E0059B10B /* RatingControl.swift in Sources */,
				C4C615D72111EBBF0059B10B /* AppDelegate.swift in Sources */,
				C481AB3C215920710016EF38 /* MealTableViewController.swift in Sources */,
				C4C615FB21133A5A0059B10B /* MealTableViewCell.swift in Sources */,
			);
			runOnlyForDeploymentPostprocessing = 0;
		};
		C4C615E32111EBC00059B10B /* Sources */ = {
			isa = PBXSourcesBuildPhase;
			buildActionMask = 2147483647;
			files = (
				C4C615EC2111EBC00059B10B /* FoodTrackerTests.swift in Sources */,
			);
			runOnlyForDeploymentPostprocessing = 0;
		};
/* End PBXSourcesBuildPhase section */

/* Begin PBXTargetDependency section */
		C4C615E92111EBC00059B10B /* PBXTargetDependency */ = {
			isa = PBXTargetDependency;
			target = C4C615D22111EBBF0059B10B /* FoodTracker */;
			targetProxy = C4C615E82111EBC00059B10B /* PBXContainerItemProxy */;
		};
/* End PBXTargetDependency section */

/* Begin PBXVariantGroup section */
		C4C615DA2111EBBF0059B10B /* Main.storyboard */ = {
			isa = PBXVariantGroup;
			children = (
				C4C615DB2111EBBF0059B10B /* Base */,
			);
			name = Main.storyboard;
			sourceTree = "<group>";
		};
		C4C615DF2111EBC00059B10B /* LaunchScreen.storyboard */ = {
			isa = PBXVariantGroup;
			children = (
				C4C615E02111EBC00059B10B /* Base */,
			);
			name = LaunchScreen.storyboard;
			sourceTree = "<group>";
		};
/* End PBXVariantGroup section */

/* Begin XCBuildConfiguration section */
		C4C615EE2111EBC00059B10B /* Debug */ = {
			isa = XCBuildConfiguration;
			buildSettings = {
				ALWAYS_SEARCH_USER_PATHS = NO;
				CLANG_ANALYZER_NONNULL = YES;
				CLANG_ANALYZER_NUMBER_OBJECT_CONVERSION = YES_AGGRESSIVE;
				CLANG_CXX_LANGUAGE_STANDARD = "gnu++14";
				CLANG_CXX_LIBRARY = "libc++";
				CLANG_ENABLE_MODULES = YES;
				CLANG_ENABLE_OBJC_ARC = YES;
				CLANG_ENABLE_OBJC_WEAK = YES;
				CLANG_WARN_BLOCK_CAPTURE_AUTORELEASING = YES;
				CLANG_WARN_BOOL_CONVERSION = YES;
				CLANG_WARN_COMMA = YES;
				CLANG_WARN_CONSTANT_CONVERSION = YES;
				CLANG_WARN_DEPRECATED_OBJC_IMPLEMENTATIONS = YES;
				CLANG_WARN_DIRECT_OBJC_ISA_USAGE = YES_ERROR;
				CLANG_WARN_DOCUMENTATION_COMMENTS = YES;
				CLANG_WARN_EMPTY_BODY = YES;
				CLANG_WARN_ENUM_CONVERSION = YES;
				CLANG_WARN_INFINITE_RECURSION = YES;
				CLANG_WARN_INT_CONVERSION = YES;
				CLANG_WARN_NON_LITERAL_NULL_CONVERSION = YES;
				CLANG_WARN_OBJC_IMPLICIT_RETAIN_SELF = YES;
				CLANG_WARN_OBJC_LITERAL_CONVERSION = YES;
				CLANG_WARN_OBJC_ROOT_CLASS = YES_ERROR;
				CLANG_WARN_RANGE_LOOP_ANALYSIS = YES;
				CLANG_WARN_STRICT_PROTOTYPES = YES;
				CLANG_WARN_SUSPICIOUS_MOVE = YES;
				CLANG_WARN_UNGUARDED_AVAILABILITY = YES_AGGRESSIVE;
				CLANG_WARN_UNREACHABLE_CODE = YES;
				CLANG_WARN__DUPLICATE_METHOD_MATCH = YES;
				CODE_SIGN_IDENTITY = "iPhone Developer";
				COPY_PHASE_STRIP = NO;
				DEBUG_INFORMATION_FORMAT = dwarf;
				ENABLE_STRICT_OBJC_MSGSEND = YES;
				ENABLE_TESTABILITY = YES;
				GCC_C_LANGUAGE_STANDARD = gnu11;
				GCC_DYNAMIC_NO_PIC = NO;
				GCC_NO_COMMON_BLOCKS = YES;
				GCC_OPTIMIZATION_LEVEL = 0;
				GCC_PREPROCESSOR_DEFINITIONS = (
					"DEBUG=1",
					"$(inherited)",
				);
				GCC_WARN_64_TO_32_BIT_CONVERSION = YES;
				GCC_WARN_ABOUT_RETURN_TYPE = YES_ERROR;
				GCC_WARN_UNDECLARED_SELECTOR = YES;
				GCC_WARN_UNINITIALIZED_AUTOS = YES_AGGRESSIVE;
				GCC_WARN_UNUSED_FUNCTION = YES;
				GCC_WARN_UNUSED_VARIABLE = YES;
				IPHONEOS_DEPLOYMENT_TARGET = 11.4;
				MTL_ENABLE_DEBUG_INFO = YES;
				ONLY_ACTIVE_ARCH = YES;
				SDKROOT = iphoneos;
				SWIFT_ACTIVE_COMPILATION_CONDITIONS = DEBUG;
				SWIFT_OPTIMIZATION_LEVEL = "-Onone";
			};
			name = Debug;
		};
		C4C615EF2111EBC00059B10B /* Release */ = {
			isa = XCBuildConfiguration;
			buildSettings = {
				ALWAYS_SEARCH_USER_PATHS = NO;
				CLANG_ANALYZER_NONNULL = YES;
				CLANG_ANALYZER_NUMBER_OBJECT_CONVERSION = YES_AGGRESSIVE;
				CLANG_CXX_LANGUAGE_STANDARD = "gnu++14";
				CLANG_CXX_LIBRARY = "libc++";
				CLANG_ENABLE_MODULES = YES;
				CLANG_ENABLE_OBJC_ARC = YES;
				CLANG_ENABLE_OBJC_WEAK = YES;
				CLANG_WARN_BLOCK_CAPTURE_AUTORELEASING = YES;
				CLANG_WARN_BOOL_CONVERSION = YES;
				CLANG_WARN_COMMA = YES;
				CLANG_WARN_CONSTANT_CONVERSION = YES;
				CLANG_WARN_DEPRECATED_OBJC_IMPLEMENTATIONS = YES;
				CLANG_WARN_DIRECT_OBJC_ISA_USAGE = YES_ERROR;
				CLANG_WARN_DOCUMENTATION_COMMENTS = YES;
				CLANG_WARN_EMPTY_BODY = YES;
				CLANG_WARN_ENUM_CONVERSION = YES;
				CLANG_WARN_INFINITE_RECURSION = YES;
				CLANG_WARN_INT_CONVERSION = YES;
				CLANG_WARN_NON_LITERAL_NULL_CONVERSION = YES;
				CLANG_WARN_OBJC_IMPLICIT_RETAIN_SELF = YES;
				CLANG_WARN_OBJC_LITERAL_CONVERSION = YES;
				CLANG_WARN_OBJC_ROOT_CLASS = YES_ERROR;
				CLANG_WARN_RANGE_LOOP_ANALYSIS = YES;
				CLANG_WARN_STRICT_PROTOTYPES = YES;
				CLANG_WARN_SUSPICIOUS_MOVE = YES;
				CLANG_WARN_UNGUARDED_AVAILABILITY = YES_AGGRESSIVE;
				CLANG_WARN_UNREACHABLE_CODE = YES;
				CLANG_WARN__DUPLICATE_METHOD_MATCH = YES;
				CODE_SIGN_IDENTITY = "iPhone Developer";
				COPY_PHASE_STRIP = NO;
				DEBUG_INFORMATION_FORMAT = "dwarf-with-dsym";
				ENABLE_NS_ASSERTIONS = NO;
				ENABLE_STRICT_OBJC_MSGSEND = YES;
				GCC_C_LANGUAGE_STANDARD = gnu11;
				GCC_NO_COMMON_BLOCKS = YES;
				GCC_WARN_64_TO_32_BIT_CONVERSION = YES;
				GCC_WARN_ABOUT_RETURN_TYPE = YES_ERROR;
				GCC_WARN_UNDECLARED_SELECTOR = YES;
				GCC_WARN_UNINITIALIZED_AUTOS = YES_AGGRESSIVE;
				GCC_WARN_UNUSED_FUNCTION = YES;
				GCC_WARN_UNUSED_VARIABLE = YES;
				IPHONEOS_DEPLOYMENT_TARGET = 11.4;
				MTL_ENABLE_DEBUG_INFO = NO;
				SDKROOT = iphoneos;
				SWIFT_COMPILATION_MODE = wholemodule;
				SWIFT_OPTIMIZATION_LEVEL = "-O";
				VALIDATE_PRODUCT = YES;
			};
			name = Release;
		};
		C4C615F12111EBC00059B10B /* Debug */ = {
			isa = XCBuildConfiguration;
			buildSettings = {
				ASSETCATALOG_COMPILER_APPICON_NAME = AppIcon;
				CODE_SIGN_STYLE = Automatic;
				DEVELOPMENT_TEAM = "";
				INFOPLIST_FILE = FoodTracker/Info.plist;
				LD_RUNPATH_SEARCH_PATHS = (
					"$(inherited)",
					"@executable_path/Frameworks",
				);
				PRODUCT_BUNDLE_IDENTIFIER = com.github.maksimkirko.FoodTracker;
				PRODUCT_NAME = "$(TARGET_NAME)";
				SWIFT_VERSION = 4.0;
				TARGETED_DEVICE_FAMILY = "1,2";
			};
			name = Debug;
		};
		C4C615F22111EBC00059B10B /* Release */ = {
			isa = XCBuildConfiguration;
			buildSettings = {
				ASSETCATALOG_COMPILER_APPICON_NAME = AppIcon;
				CODE_SIGN_STYLE = Automatic;
				DEVELOPMENT_TEAM = "";
				INFOPLIST_FILE = FoodTracker/Info.plist;
				LD_RUNPATH_SEARCH_PATHS = (
					"$(inherited)",
					"@executable_path/Frameworks",
				);
				PRODUCT_BUNDLE_IDENTIFIER = com.github.maksimkirko.FoodTracker;
				PRODUCT_NAME = "$(TARGET_NAME)";
				SWIFT_VERSION = 4.0;
				TARGETED_DEVICE_FAMILY = "1,2";
			};
			name = Release;
		};
		C4C615F42111EBC00059B10B /* Debug */ = {
			isa = XCBuildConfiguration;
			buildSettings = {
				ALWAYS_EMBED_SWIFT_STANDARD_LIBRARIES = YES;
				BUNDLE_LOADER = "$(TEST_HOST)";
				CODE_SIGN_STYLE = Automatic;
				INFOPLIST_FILE = FoodTrackerTests/Info.plist;
				LD_RUNPATH_SEARCH_PATHS = (
					"$(inherited)",
					"@executable_path/Frameworks",
					"@loader_path/Frameworks",
				);
				PRODUCT_BUNDLE_IDENTIFIER = com.github.maksimkirko.FoodTrackerTests;
				PRODUCT_NAME = "$(TARGET_NAME)";
				SWIFT_VERSION = 4.0;
				TARGETED_DEVICE_FAMILY = "1,2";
				TEST_HOST = "$(BUILT_PRODUCTS_DIR)/FoodTracker.app/FoodTracker";
			};
			name = Debug;
		};
		C4C615F52111EBC00059B10B /* Release */ = {
			isa = XCBuildConfiguration;
			buildSettings = {
				ALWAYS_EMBED_SWIFT_STANDARD_LIBRARIES = YES;
				BUNDLE_LOADER = "$(TEST_HOST)";
				CODE_SIGN_STYLE = Automatic;
				INFOPLIST_FILE = FoodTrackerTests/Info.plist;
				LD_RUNPATH_SEARCH_PATHS = (
					"$(inherited)",
					"@executable_path/Frameworks",
					"@loader_path/Frameworks",
				);
				PRODUCT_BUNDLE_IDENTIFIER = com.github.maksimkirko.FoodTrackerTests;
				PRODUCT_NAME = "$(TARGET_NAME)";
				SWIFT_VERSION = 4.0;
				TARGETED_DEVICE_FAMILY = "1,2";
				TEST_HOST = "$(BUILT_PRODUCTS_DIR)/FoodTracker.app/FoodTracker";
			};
			name = Release;
		};
/* End XCBuildConfiguration section */

/* Begin XCConfigurationList section */
		C4C615CE2111EBBE0059B10B /* Build configuration list for PBXProject "FoodTracker" */ = {
			isa = XCConfigurationList;
			buildConfigurations = (
				C4C615EE2111EBC00059B10B /* Debug */,
				C4C615EF2111EBC00059B10B /* Release */,
			);
			defaultConfigurationIsVisible = 0;
			defaultConfigurationName = Release;
		};
		C4C615F02111EBC00059B10B /* Build configuration list for PBXNativeTarget "FoodTracker" */ = {
			isa = XCConfigurationList;
			buildConfigurations = (
				C4C615F12111EBC00059B10B /* Debug */,
				C4C615F22111EBC00059B10B /* Release */,
			);
			defaultConfigurationIsVisible = 0;
			defaultConfigurationName = Release;
		};
		C4C615F32111EBC00059B10B /* Build configuration list for PBXNativeTarget "FoodTrackerTests" */ = {
			isa = XCConfigurationList;
			buildConfigurations = (
				C4C615F42111EBC00059B10B /* Debug */,
				C4C615F52111EBC00059B10B /* Release */,
			);
			defaultConfigurationIsVisible = 0;
			defaultConfigurationName = Release;
		};
/* End XCConfigurationList section */
	};
	rootObject = C4C615CB2111EBBE0059B10B /* Project object */;
}
